
Microsoft Visual Studio Solution File, Format Version 12.00
# Visual Studio Version 17
VisualStudioVersion = 17.11.35327.3
MinimumVisualStudioVersion = 10.0.40219.1
Project("{FAE04EC0-301F-11D3-BF4B-00C04F79EFBC}") = "Focis-feladat", "Focis-feladat\Focis-feladat.csproj", "{F536DDBC-63BB-4A71-9A09-C3B938BFAFB2}"
EndProject
Global
	GlobalSection(SolutionConfigurationPlatforms) = preSolution
		Debug|Any CPU = Debug|Any CPU
		Release|Any CPU = Release|Any CPU
	EndGlobalSection
	GlobalSection(ProjectConfigurationPlatforms) = postSolution
		{F536DDBC-63BB-4A71-9A09-C3B938BFAFB2}.Debug|Any CPU.ActiveCfg = Debug|Any CPU
		{F536DDBC-63BB-4A71-9A09-C3B938BFAFB2}.Debug|Any CPU.Build.0 = Debug|Any CPU
		{F536DDBC-63BB-4A71-9A09-C3B938BFAFB2}.Release|Any CPU.ActiveCfg = Release|Any CPU
		{F536DDBC-63BB-4A71-9A09-C3B938BFAFB2}.Release|Any CPU.Build.0 = Release|Any CPU
	EndGlobalSection
	GlobalSection(SolutionProperties) = preSolution
		HideSolutionNode = FALSE
	EndGlobalSection
	GlobalSection(ExtensibilityGlobals) = postSolution
		SolutionGuid = {EA2B0E2B-EB7B-4DFA-A279-6F0343F40A57}
	EndGlobalSection
EndGlobal
